
Microsoft Visual Studio Solution File, Format Version 12.00
# Visual Studio 15
VisualStudioVersion = 15.0.28307.1022
MinimumVisualStudioVersion = 10.0.40219.1
Project("{FAE04EC0-301F-11D3-BF4B-00C04F79EFBC}") = "Mathenian", "Mathenian\Mathenian\Mathenian.csproj", "{4C3D25F4-725D-4D61-83DA-C7553952A36B}"
EndProject
Project("{FAE04EC0-301F-11D3-BF4B-00C04F79EFBC}") = "Mathenian.Android", "Mathenian\Mathenian.Android\Mathenian.Android.csproj", "{38B0DCC1-330A-4E30-80E9-B09121E11A88}"
EndProject
Project("{FAE04EC0-301F-11D3-BF4B-00C04F79EFBC}") = "Mathenian.iOS", "Mathenian\Mathenian.iOS\Mathenian.iOS.csproj", "{BFC0D347-8CE5-4645-AF8C-6B59E8FD67E2}"
EndProject
Global
	GlobalSection(SolutionConfigurationPlatforms) = preSolution
		Ad-Hoc|Any CPU = Ad-Hoc|Any CPU
		Ad-Hoc|iPhone = Ad-Hoc|iPhone
		Ad-Hoc|iPhoneSimulator = Ad-Hoc|iPhoneSimulator
		AppStore|Any CPU = AppStore|Any CPU
		AppStore|iPhone = AppStore|iPhone
		AppStore|iPhoneSimulator = AppStore|iPhoneSimulator
		Debug|Any CPU = Debug|Any CPU
		Debug|iPhone = Debug|iPhone
		Debug|iPhoneSimulator = Debug|iPhoneSimulator
		Release|Any CPU = Release|Any CPU
		Release|iPhone = Release|iPhone
		Release|iPhoneSimulator = Release|iPhoneSimulator
	EndGlobalSection
	GlobalSection(ProjectConfigurationPlatforms) = postSolution
		{4C3D25F4-725D-4D61-83DA-C7553952A36B}.Ad-Hoc|Any CPU.ActiveCfg = Debug|Any CPU
		{4C3D25F4-725D-4D61-83DA-C7553952A36B}.Ad-Hoc|Any CPU.Build.0 = Debug|Any CPU
		{4C3D25F4-725D-4D61-83DA-C7553952A36B}.Ad-Hoc|iPhone.ActiveCfg = Debug|Any CPU
		{4C3D25F4-725D-4D61-83DA-C7553952A36B}.Ad-Hoc|iPhone.Build.0 = Debug|Any CPU
		{4C3D25F4-725D-4D61-83DA-C7553952A36B}.Ad-Hoc|iPhoneSimulator.ActiveCfg = Debug|Any CPU
		{4C3D25F4-725D-4D61-83DA-C7553952A36B}.Ad-Hoc|iPhoneSimulator.Build.0 = Debug|Any CPU
		{4C3D25F4-725D-4D61-83DA-C7553952A36B}.AppStore|Any CPU.ActiveCfg = Debug|Any CPU
		{4C3D25F4-725D-4D61-83DA-C7553952A36B}.AppStore|Any CPU.Build.0 = Debug|Any CPU
		{4C3D25F4-725D-4D61-83DA-C7553952A36B}.AppStore|iPhone.ActiveCfg = Debug|Any CPU
		{4C3D25F4-725D-4D61-83DA-C7553952A36B}.AppStore|iPhone.Build.0 = Debug|Any CPU
		{4C3D25F4-725D-4D61-83DA-C7553952A36B}.AppStore|iPhoneSimulator.ActiveCfg = Debug|Any CPU
		{4C3D25F4-725D-4D61-83DA-C7553952A36B}.AppStore|iPhoneSimulator.Build.0 = Debug|Any CPU
		{4C3D25F4-725D-4D61-83DA-C7553952A36B}.Debug|Any CPU.ActiveCfg = Debug|Any CPU
		{4C3D25F4-725D-4D61-83DA-C7553952A36B}.Debug|Any CPU.Build.0 = Debug|Any CPU
		{4C3D25F4-725D-4D61-83DA-C7553952A36B}.Debug|iPhone.ActiveCfg = Debug|Any CPU
		{4C3D25F4-725D-4D61-83DA-C7553952A36B}.Debug|iPhone.Build.0 = Debug|Any CPU
		{4C3D25F4-725D-4D61-83DA-C7553952A36B}.Debug|iPhoneSimulator.ActiveCfg = Debug|Any CPU
		{4C3D25F4-725D-4D61-83DA-C7553952A36B}.Debug|iPhoneSimulator.Build.0 = Debug|Any CPU
		{4C3D25F4-725D-4D61-83DA-C7553952A36B}.Release|Any CPU.ActiveCfg = Release|Any CPU
		{4C3D25F4-725D-4D61-83DA-C7553952A36B}.Release|Any CPU.Build.0 = Release|Any CPU
		{4C3D25F4-725D-4D61-83DA-C7553952A36B}.Release|iPhone.ActiveCfg = Release|Any CPU
		{4C3D25F4-725D-4D61-83DA-C7553952A36B}.Release|iPhone.Build.0 = Release|Any CPU
		{4C3D25F4-725D-4D61-83DA-C7553952A36B}.Release|iPhoneSimulator.ActiveCfg = Release|Any CPU
		{4C3D25F4-725D-4D61-83DA-C7553952A36B}.Release|iPhoneSimulator.Build.0 = Release|Any CPU
		{38B0DCC1-330A-4E30-80E9-B09121E11A88}.Ad-Hoc|Any CPU.ActiveCfg = Release|Any CPU
		{38B0DCC1-330A-4E30-80E9-B09121E11A88}.Ad-Hoc|Any CPU.Build.0 = Release|Any CPU
		{38B0DCC1-330A-4E30-80E9-B09121E11A88}.Ad-Hoc|Any CPU.Deploy.0 = Release|Any CPU
		{38B0DCC1-330A-4E30-80E9-B09121E11A88}.Ad-Hoc|iPhone.ActiveCfg = Release|Any CPU
		{38B0DCC1-330A-4E30-80E9-B09121E11A88}.Ad-Hoc|iPhone.Build.0 = Release|Any CPU
		{38B0DCC1-330A-4E30-80E9-B09121E11A88}.Ad-Hoc|iPhone.Deploy.0 = Release|Any CPU
		{38B0DCC1-330A-4E30-80E9-B09121E11A88}.Ad-Hoc|iPhoneSimulator.ActiveCfg = Release|Any CPU
		{38B0DCC1-330A-4E30-80E9-B09121E11A88}.Ad-Hoc|iPhoneSimulator.Build.0 = Release|Any CPU
		{38B0DCC1-330A-4E30-80E9-B09121E11A88}.Ad-Hoc|iPhoneSimulator.Deploy.0 = Release|Any CPU
		{38B0DCC1-330A-4E30-80E9-B09121E11A88}.AppStore|Any CPU.ActiveCfg = Release|Any CPU
		{38B0DCC1-330A-4E30-80E9-B09121E11A88}.AppStore|Any CPU.Build.0 = Release|Any CPU
		{38B0DCC1-330A-4E30-80E9-B09121E11A88}.AppStore|Any CPU.Deploy.0 = Release|Any CPU
		{38B0DCC1-330A-4E30-80E9-B09121E11A88}.AppStore|iPhone.ActiveCfg = Release|Any CPU
		{38B0DCC1-330A-4E30-80E9-B09121E11A88}.AppStore|iPhone.Build.0 = Release|Any CPU
		{38B0DCC1-330A-4E30-80E9-B09121E11A88}.AppStore|iPhone.Deploy.0 = Release|Any CPU
		{38B0DCC1-330A-4E30-80E9-B09121E11A88}.AppStore|iPhoneSimulator.ActiveCfg = Release|Any CPU
		{38B0DCC1-330A-4E30-80E9-B09121E11A88}.AppStore|iPhoneSimulator.Build.0 = Release|Any CPU
		{38B0DCC1-330A-4E30-80E9-B09121E11A88}.AppStore|iPhoneSimulator.Deploy.0 = Release|Any CPU
		{38B0DCC1-330A-4E30-80E9-B09121E11A88}.Debug|Any CPU.ActiveCfg = Debug|Any CPU
		{38B0DCC1-330A-4E30-80E9-B09121E11A88}.Debug|Any CPU.Build.0 = Debug|Any CPU
		{38B0DCC1-330A-4E30-80E9-B09121E11A88}.Debug|Any CPU.Deploy.0 = Debug|Any CPU
		{38B0DCC1-330A-4E30-80E9-B09121E11A88}.Debug|iPhone.ActiveCfg = Debug|Any CPU
		{38B0DCC1-330A-4E30-80E9-B09121E11A88}.Debug|iPhone.Build.0 = Debug|Any CPU
		{38B0DCC1-330A-4E30-80E9-B09121E11A88}.Debug|iPhone.Deploy.0 = Debug|Any CPU
		{38B0DCC1-330A-4E30-80E9-B09121E11A88}.Debug|iPhoneSimulator.ActiveCfg = Debug|Any CPU
		{38B0DCC1-330A-4E30-80E9-B09121E11A88}.Debug|iPhoneSimulator.Build.0 = Debug|Any CPU
		{38B0DCC1-330A-4E30-80E9-B09121E11A88}.Debug|iPhoneSimulator.Deploy.0 = Debug|Any CPU
		{38B0DCC1-330A-4E30-80E9-B09121E11A88}.Release|Any CPU.ActiveCfg = Release|Any CPU
		{38B0DCC1-330A-4E30-80E9-B09121E11A88}.Release|Any CPU.Build.0 = Release|Any CPU
		{38B0DCC1-330A-4E30-80E9-B09121E11A88}.Release|Any CPU.Deploy.0 = Release|Any CPU
		{38B0DCC1-330A-4E30-80E9-B09121E11A88}.Release|iPhone.ActiveCfg = Release|Any CPU
		{38B0DCC1-330A-4E30-80E9-B09121E11A88}.Release|iPhone.Build.0 = Release|Any CPU
		{38B0DCC1-330A-4E30-80E9-B09121E11A88}.Release|iPhone.Deploy.0 = Release|Any CPU
		{38B0DCC1-330A-4E30-80E9-B09121E11A88}.Release|iPhoneSimulator.ActiveCfg = Release|Any CPU
		{38B0DCC1-330A-4E30-80E9-B09121E11A88}.Release|iPhoneSimulator.Build.0 = Release|Any CPU
		{38B0DCC1-330A-4E30-80E9-B09121E11A88}.Release|iPhoneSimulator.Deploy.0 = Release|Any CPU
		{BFC0D347-8CE5-4645-AF8C-6B59E8FD67E2}.Ad-Hoc|Any CPU.ActiveCfg = Ad-Hoc|iPhone
		{BFC0D347-8CE5-4645-AF8C-6B59E8FD67E2}.Ad-Hoc|iPhone.ActiveCfg = Ad-Hoc|iPhone
		{BFC0D347-8CE5-4645-AF8C-6B59E8FD67E2}.Ad-Hoc|iPhone.Build.0 = Ad-Hoc|iPhone
		{BFC0D347-8CE5-4645-AF8C-6B59E8FD67E2}.Ad-Hoc|iPhoneSimulator.ActiveCfg = Ad-Hoc|iPhoneSimulator
		{BFC0D347-8CE5-4645-AF8C-6B59E8FD67E2}.Ad-Hoc|iPhoneSimulator.Build.0 = Ad-Hoc|iPhoneSimulator
		{BFC0D347-8CE5-4645-AF8C-6B59E8FD67E2}.AppStore|Any CPU.ActiveCfg = AppStore|iPhone
		{BFC0D347-8CE5-4645-AF8C-6B59E8FD67E2}.AppStore|iPhone.ActiveCfg = AppStore|iPhone
		{BFC0D347-8CE5-4645-AF8C-6B59E8FD67E2}.AppStore|iPhone.Build.0 = AppStore|iPhone
		{BFC0D347-8CE5-4645-AF8C-6B59E8FD67E2}.AppStore|iPhoneSimulator.ActiveCfg = AppStore|iPhoneSimulator
		{BFC0D347-8CE5-4645-AF8C-6B59E8FD67E2}.AppStore|iPhoneSimulator.Build.0 = AppStore|iPhoneSimulator
		{BFC0D347-8CE5-4645-AF8C-6B59E8FD67E2}.Debug|Any CPU.ActiveCfg = Debug|iPhone
		{BFC0D347-8CE5-4645-AF8C-6B59E8FD67E2}.Debug|iPhone.ActiveCfg = Debug|iPhone
		{BFC0D347-8CE5-4645-AF8C-6B59E8FD67E2}.Debug|iPhone.Build.0 = Debug|iPhone
		{BFC0D347-8CE5-4645-AF8C-6B59E8FD67E2}.Debug|iPhoneSimulator.ActiveCfg = Debug|iPhoneSimulator
		{BFC0D347-8CE5-4645-AF8C-6B59E8FD67E2}.Debug|iPhoneSimulator.Build.0 = Debug|iPhoneSimulator
		{BFC0D347-8CE5-4645-AF8C-6B59E8FD67E2}.Release|Any CPU.ActiveCfg = Release|iPhone
		{BFC0D347-8CE5-4645-AF8C-6B59E8FD67E2}.Release|iPhone.ActiveCfg = Release|iPhone
		{BFC0D347-8CE5-4645-AF8C-6B59E8FD67E2}.Release|iPhone.Build.0 = Release|iPhone
		{BFC0D347-8CE5-4645-AF8C-6B59E8FD67E2}.Release|iPhoneSimulator.ActiveCfg = Release|iPhoneSimulator
		{BFC0D347-8CE5-4645-AF8C-6B59E8FD67E2}.Release|iPhoneSimulator.Build.0 = Release|iPhoneSimulator
	EndGlobalSection
	GlobalSection(SolutionProperties) = preSolution
		HideSolutionNode = FALSE
	EndGlobalSection
	GlobalSection(ExtensibilityGlobals) = postSolution
		SolutionGuid = {47F72E83-582B-466F-B19C-AAF3D48BAA55}
	EndGlobalSection
EndGlobal
