
Microsoft Visual Studio Solution File, Format Version 12.00
# Visual Studio 15
VisualStudioVersion = 15.0.28307.960
MinimumVisualStudioVersion = 10.0.40219.1
Project("{FAE04EC0-301F-11D3-BF4B-00C04F79EFBC}") = "Mathenian", "Mathenian\Mathenian\Mathenian.csproj", "{12F38057-647D-491B-B786-C5783C36847A}"
EndProject
Project("{FAE04EC0-301F-11D3-BF4B-00C04F79EFBC}") = "Mathenian.Android", "Mathenian\Mathenian.Android\Mathenian.Android.csproj", "{AB48975A-2E12-484B-B501-69ABCA5A6111}"
EndProject
Project("{FAE04EC0-301F-11D3-BF4B-00C04F79EFBC}") = "Mathenian.iOS", "Mathenian\Mathenian.iOS\Mathenian.iOS.csproj", "{A7882907-C636-434C-860C-EAE1F2269E2F}"
EndProject
Global
	GlobalSection(SolutionConfigurationPlatforms) = preSolution
		Ad-Hoc|Any CPU = Ad-Hoc|Any CPU
		Ad-Hoc|iPhone = Ad-Hoc|iPhone
		Ad-Hoc|iPhoneSimulator = Ad-Hoc|iPhoneSimulator
		AppStore|Any CPU = AppStore|Any CPU
		AppStore|iPhone = AppStore|iPhone
		AppStore|iPhoneSimulator = AppStore|iPhoneSimulator
		Debug|Any CPU = Debug|Any CPU
		Debug|iPhone = Debug|iPhone
		Debug|iPhoneSimulator = Debug|iPhoneSimulator
		Release|Any CPU = Release|Any CPU
		Release|iPhone = Release|iPhone
		Release|iPhoneSimulator = Release|iPhoneSimulator
	EndGlobalSection
	GlobalSection(ProjectConfigurationPlatforms) = postSolution
		{12F38057-647D-491B-B786-C5783C36847A}.Ad-Hoc|Any CPU.ActiveCfg = Debug|Any CPU
		{12F38057-647D-491B-B786-C5783C36847A}.Ad-Hoc|Any CPU.Build.0 = Debug|Any CPU
		{12F38057-647D-491B-B786-C5783C36847A}.Ad-Hoc|iPhone.ActiveCfg = Debug|Any CPU
		{12F38057-647D-491B-B786-C5783C36847A}.Ad-Hoc|iPhone.Build.0 = Debug|Any CPU
		{12F38057-647D-491B-B786-C5783C36847A}.Ad-Hoc|iPhoneSimulator.ActiveCfg = Debug|Any CPU
		{12F38057-647D-491B-B786-C5783C36847A}.Ad-Hoc|iPhoneSimulator.Build.0 = Debug|Any CPU
		{12F38057-647D-491B-B786-C5783C36847A}.AppStore|Any CPU.ActiveCfg = Debug|Any CPU
		{12F38057-647D-491B-B786-C5783C36847A}.AppStore|Any CPU.Build.0 = Debug|Any CPU
		{12F38057-647D-491B-B786-C5783C36847A}.AppStore|iPhone.ActiveCfg = Debug|Any CPU
		{12F38057-647D-491B-B786-C5783C36847A}.AppStore|iPhone.Build.0 = Debug|Any CPU
		{12F38057-647D-491B-B786-C5783C36847A}.AppStore|iPhoneSimulator.ActiveCfg = Debug|Any CPU
		{12F38057-647D-491B-B786-C5783C36847A}.AppStore|iPhoneSimulator.Build.0 = Debug|Any CPU
		{12F38057-647D-491B-B786-C5783C36847A}.Debug|Any CPU.ActiveCfg = Debug|Any CPU
		{12F38057-647D-491B-B786-C5783C36847A}.Debug|Any CPU.Build.0 = Debug|Any CPU
		{12F38057-647D-491B-B786-C5783C36847A}.Debug|iPhone.ActiveCfg = Debug|Any CPU
		{12F38057-647D-491B-B786-C5783C36847A}.Debug|iPhone.Build.0 = Debug|Any CPU
		{12F38057-647D-491B-B786-C5783C36847A}.Debug|iPhoneSimulator.ActiveCfg = Debug|Any CPU
		{12F38057-647D-491B-B786-C5783C36847A}.Debug|iPhoneSimulator.Build.0 = Debug|Any CPU
		{12F38057-647D-491B-B786-C5783C36847A}.Release|Any CPU.ActiveCfg = Release|Any CPU
		{12F38057-647D-491B-B786-C5783C36847A}.Release|Any CPU.Build.0 = Release|Any CPU
		{12F38057-647D-491B-B786-C5783C36847A}.Release|iPhone.ActiveCfg = Release|Any CPU
		{12F38057-647D-491B-B786-C5783C36847A}.Release|iPhone.Build.0 = Release|Any CPU
		{12F38057-647D-491B-B786-C5783C36847A}.Release|iPhoneSimulator.ActiveCfg = Release|Any CPU
		{12F38057-647D-491B-B786-C5783C36847A}.Release|iPhoneSimulator.Build.0 = Release|Any CPU
		{AB48975A-2E12-484B-B501-69ABCA5A6111}.Ad-Hoc|Any CPU.ActiveCfg = Release|Any CPU
		{AB48975A-2E12-484B-B501-69ABCA5A6111}.Ad-Hoc|Any CPU.Build.0 = Release|Any CPU
		{AB48975A-2E12-484B-B501-69ABCA5A6111}.Ad-Hoc|Any CPU.Deploy.0 = Release|Any CPU
		{AB48975A-2E12-484B-B501-69ABCA5A6111}.Ad-Hoc|iPhone.ActiveCfg = Release|Any CPU
		{AB48975A-2E12-484B-B501-69ABCA5A6111}.Ad-Hoc|iPhone.Build.0 = Release|Any CPU
		{AB48975A-2E12-484B-B501-69ABCA5A6111}.Ad-Hoc|iPhone.Deploy.0 = Release|Any CPU
		{AB48975A-2E12-484B-B501-69ABCA5A6111}.Ad-Hoc|iPhoneSimulator.ActiveCfg = Release|Any CPU
		{AB48975A-2E12-484B-B501-69ABCA5A6111}.Ad-Hoc|iPhoneSimulator.Build.0 = Release|Any CPU
		{AB48975A-2E12-484B-B501-69ABCA5A6111}.Ad-Hoc|iPhoneSimulator.Deploy.0 = Release|Any CPU
		{AB48975A-2E12-484B-B501-69ABCA5A6111}.AppStore|Any CPU.ActiveCfg = Release|Any CPU
		{AB48975A-2E12-484B-B501-69ABCA5A6111}.AppStore|Any CPU.Build.0 = Release|Any CPU
		{AB48975A-2E12-484B-B501-69ABCA5A6111}.AppStore|Any CPU.Deploy.0 = Release|Any CPU
		{AB48975A-2E12-484B-B501-69ABCA5A6111}.AppStore|iPhone.ActiveCfg = Release|Any CPU
		{AB48975A-2E12-484B-B501-69ABCA5A6111}.AppStore|iPhone.Build.0 = Release|Any CPU
		{AB48975A-2E12-484B-B501-69ABCA5A6111}.AppStore|iPhone.Deploy.0 = Release|Any CPU
		{AB48975A-2E12-484B-B501-69ABCA5A6111}.AppStore|iPhoneSimulator.ActiveCfg = Release|Any CPU
		{AB48975A-2E12-484B-B501-69ABCA5A6111}.AppStore|iPhoneSimulator.Build.0 = Release|Any CPU
		{AB48975A-2E12-484B-B501-69ABCA5A6111}.AppStore|iPhoneSimulator.Deploy.0 = Release|Any CPU
		{AB48975A-2E12-484B-B501-69ABCA5A6111}.Debug|Any CPU.ActiveCfg = Debug|Any CPU
		{AB48975A-2E12-484B-B501-69ABCA5A6111}.Debug|Any CPU.Build.0 = Debug|Any CPU
		{AB48975A-2E12-484B-B501-69ABCA5A6111}.Debug|Any CPU.Deploy.0 = Debug|Any CPU
		{AB48975A-2E12-484B-B501-69ABCA5A6111}.Debug|iPhone.ActiveCfg = Debug|Any CPU
		{AB48975A-2E12-484B-B501-69ABCA5A6111}.Debug|iPhone.Build.0 = Debug|Any CPU
		{AB48975A-2E12-484B-B501-69ABCA5A6111}.Debug|iPhone.Deploy.0 = Debug|Any CPU
		{AB48975A-2E12-484B-B501-69ABCA5A6111}.Debug|iPhoneSimulator.ActiveCfg = Debug|Any CPU
		{AB48975A-2E12-484B-B501-69ABCA5A6111}.Debug|iPhoneSimulator.Build.0 = Debug|Any CPU
		{AB48975A-2E12-484B-B501-69ABCA5A6111}.Debug|iPhoneSimulator.Deploy.0 = Debug|Any CPU
		{AB48975A-2E12-484B-B501-69ABCA5A6111}.Release|Any CPU.ActiveCfg = Release|Any CPU
		{AB48975A-2E12-484B-B501-69ABCA5A6111}.Release|Any CPU.Build.0 = Release|Any CPU
		{AB48975A-2E12-484B-B501-69ABCA5A6111}.Release|Any CPU.Deploy.0 = Release|Any CPU
		{AB48975A-2E12-484B-B501-69ABCA5A6111}.Release|iPhone.ActiveCfg = Release|Any CPU
		{AB48975A-2E12-484B-B501-69ABCA5A6111}.Release|iPhone.Build.0 = Release|Any CPU
		{AB48975A-2E12-484B-B501-69ABCA5A6111}.Release|iPhone.Deploy.0 = Release|Any CPU
		{AB48975A-2E12-484B-B501-69ABCA5A6111}.Release|iPhoneSimulator.ActiveCfg = Release|Any CPU
		{AB48975A-2E12-484B-B501-69ABCA5A6111}.Release|iPhoneSimulator.Build.0 = Release|Any CPU
		{AB48975A-2E12-484B-B501-69ABCA5A6111}.Release|iPhoneSimulator.Deploy.0 = Release|Any CPU
		{A7882907-C636-434C-860C-EAE1F2269E2F}.Ad-Hoc|Any CPU.ActiveCfg = Ad-Hoc|iPhone
		{A7882907-C636-434C-860C-EAE1F2269E2F}.Ad-Hoc|iPhone.ActiveCfg = Ad-Hoc|iPhone
		{A7882907-C636-434C-860C-EAE1F2269E2F}.Ad-Hoc|iPhone.Build.0 = Ad-Hoc|iPhone
		{A7882907-C636-434C-860C-EAE1F2269E2F}.Ad-Hoc|iPhoneSimulator.ActiveCfg = Ad-Hoc|iPhoneSimulator
		{A7882907-C636-434C-860C-EAE1F2269E2F}.Ad-Hoc|iPhoneSimulator.Build.0 = Ad-Hoc|iPhoneSimulator
		{A7882907-C636-434C-860C-EAE1F2269E2F}.AppStore|Any CPU.ActiveCfg = AppStore|iPhone
		{A7882907-C636-434C-860C-EAE1F2269E2F}.AppStore|iPhone.ActiveCfg = AppStore|iPhone
		{A7882907-C636-434C-860C-EAE1F2269E2F}.AppStore|iPhone.Build.0 = AppStore|iPhone
		{A7882907-C636-434C-860C-EAE1F2269E2F}.AppStore|iPhoneSimulator.ActiveCfg = AppStore|iPhoneSimulator
		{A7882907-C636-434C-860C-EAE1F2269E2F}.AppStore|iPhoneSimulator.Build.0 = AppStore|iPhoneSimulator
		{A7882907-C636-434C-860C-EAE1F2269E2F}.Debug|Any CPU.ActiveCfg = Debug|iPhone
		{A7882907-C636-434C-860C-EAE1F2269E2F}.Debug|iPhone.ActiveCfg = Debug|iPhone
		{A7882907-C636-434C-860C-EAE1F2269E2F}.Debug|iPhone.Build.0 = Debug|iPhone
		{A7882907-C636-434C-860C-EAE1F2269E2F}.Debug|iPhoneSimulator.ActiveCfg = Debug|iPhoneSimulator
		{A7882907-C636-434C-860C-EAE1F2269E2F}.Debug|iPhoneSimulator.Build.0 = Debug|iPhoneSimulator
		{A7882907-C636-434C-860C-EAE1F2269E2F}.Release|Any CPU.ActiveCfg = Release|iPhone
		{A7882907-C636-434C-860C-EAE1F2269E2F}.Release|iPhone.ActiveCfg = Release|iPhone
		{A7882907-C636-434C-860C-EAE1F2269E2F}.Release|iPhone.Build.0 = Release|iPhone
		{A7882907-C636-434C-860C-EAE1F2269E2F}.Release|iPhoneSimulator.ActiveCfg = Release|iPhoneSimulator
		{A7882907-C636-434C-860C-EAE1F2269E2F}.Release|iPhoneSimulator.Build.0 = Release|iPhoneSimulator
	EndGlobalSection
	GlobalSection(SolutionProperties) = preSolution
		HideSolutionNode = FALSE
	EndGlobalSection
	GlobalSection(ExtensibilityGlobals) = postSolution
		SolutionGuid = {7EBD0A6B-562D-44A0-BE0C-98AEE7800ADD}
	EndGlobalSection
EndGlobal
